<?xml version="1.0" encoding="utf-8"?>
<Project ToolsVersion="4.0" xmlns="http://schemas.microsoft.com/developer/msbuild/2003">
  <ItemGroup>
    <Filter Include="Pumpkin">
      <UniqueIdentifier>{C9D9D12A-35B9-50C6-3ED1-DB9CAA2FB727}</UniqueIdentifier>
    </Filter>
  </ItemGroup>
  <ItemGroup>
    <ClInclude Include="src\Pumpkin.h" />
    <ClInclude Include="src\Pumpkin\Application.h">
      <Filter>Pumpkin</Filter>
    </ClInclude>
    <ClInclude Include="src\Pumpkin\Core.h">
      <Filter>Pumpkin</Filter>
    </ClInclude>
    <ClInclude Include="src\Pumpkin\EntryPoint.h">
      <Filter>Pumpkin</Filter>
    </ClInclude>
    <ClInclude Include="src\Pumpkin\Log.h">
      <Filter>Pumpkin</Filter>
    </ClInclude>
  </ItemGroup>
  <ItemGroup>
    <ClCompile Include="src\Pumpkin\Application.cpp">
      <Filter>Pumpkin</Filter>
    </ClCompile>
    <ClCompile Include="src\Pumpkin\Log.cpp">
      <Filter>Pumpkin</Filter>
    </ClCompile>
  </ItemGroup>
</Project>